
Microsoft Visual Studio Solution File, Format Version 12.00
# Visual Studio Version 17
VisualStudioVersion = 17.8.34316.72
MinimumVisualStudioVersion = 10.0.40219.1
Project("{9A19103F-16F7-4668-BE54-9A1E7A4F7556}") = "ConwaysGameofLife.Application", "ConwaysGameofLife\ConwaysGameofLife.Application.csproj", "{DF62EC48-D3EE-4071-AF3D-8934879633D1}"
EndProject
Project("{9A19103F-16F7-4668-BE54-9A1E7A4F7556}") = "ConwaysGameofLife.BusinessRules", "ConwaysGameofLife.BusinessRules\ConwaysGameofLife.BusinessRules.csproj", "{184E3B82-3E01-4C28-A54B-0919088665E6}"
EndProject
Project("{9A19103F-16F7-4668-BE54-9A1E7A4F7556}") = "ConwaysGameofLife.Persistence", "ConwaysGameofLife.Persistence\ConwaysGameofLife.Persistence.csproj", "{BD01850F-ED1A-4D0D-B3F7-BB156FBF93BF}"
EndProject
Global
	GlobalSection(SolutionConfigurationPlatforms) = preSolution
		Debug|Any CPU = Debug|Any CPU
		Release|Any CPU = Release|Any CPU
	EndGlobalSection
	GlobalSection(ProjectConfigurationPlatforms) = postSolution
		{DF62EC48-D3EE-4071-AF3D-8934879633D1}.Debug|Any CPU.ActiveCfg = Debug|Any CPU
		{DF62EC48-D3EE-4071-AF3D-8934879633D1}.Debug|Any CPU.Build.0 = Debug|Any CPU
		{DF62EC48-D3EE-4071-AF3D-8934879633D1}.Release|Any CPU.ActiveCfg = Release|Any CPU
		{DF62EC48-D3EE-4071-AF3D-8934879633D1}.Release|Any CPU.Build.0 = Release|Any CPU
		{184E3B82-3E01-4C28-A54B-0919088665E6}.Debug|Any CPU.ActiveCfg = Debug|Any CPU
		{184E3B82-3E01-4C28-A54B-0919088665E6}.Debug|Any CPU.Build.0 = Debug|Any CPU
		{184E3B82-3E01-4C28-A54B-0919088665E6}.Release|Any CPU.ActiveCfg = Release|Any CPU
		{184E3B82-3E01-4C28-A54B-0919088665E6}.Release|Any CPU.Build.0 = Release|Any CPU
		{BD01850F-ED1A-4D0D-B3F7-BB156FBF93BF}.Debug|Any CPU.ActiveCfg = Debug|Any CPU
		{BD01850F-ED1A-4D0D-B3F7-BB156FBF93BF}.Debug|Any CPU.Build.0 = Debug|Any CPU
		{BD01850F-ED1A-4D0D-B3F7-BB156FBF93BF}.Release|Any CPU.ActiveCfg = Release|Any CPU
		{BD01850F-ED1A-4D0D-B3F7-BB156FBF93BF}.Release|Any CPU.Build.0 = Release|Any CPU
	EndGlobalSection
	GlobalSection(SolutionProperties) = preSolution
		HideSolutionNode = FALSE
	EndGlobalSection
	GlobalSection(ExtensibilityGlobals) = postSolution
		SolutionGuid = {BD69F701-6F39-424D-AF92-3AD9A9FE8D4A}
	EndGlobalSection
EndGlobal
